// !$*UTF8*$!
{
	archiveVersion = 1;
	classes = {
	};
	objectVersion = 56;
	objects = {

/* Begin PBXBuildFile section */
		A2A5B0ED2D09F5610058FD0C /* Alamofire in Frameworks */ = {isa = PBXBuildFile; productRef = A2A5B0EC2D09F5610058FD0C /* Alamofire */; };
		A2A5B0F02D09F5D20058FD0C /* FirebaseCrashlytics in Frameworks */ = {isa = PBXBuildFile; productRef = A2A5B0EF2D09F5D20058FD0C /* FirebaseCrashlytics */; };
		A2B996322D03621D00004AD2 /* AppDelegate.swift in Sources */ = {isa = PBXBuildFile; fileRef = A2B996312D03621D00004AD2 /* AppDelegate.swift */; };
		A2B996342D03621D00004AD2 /* SceneDelegate.swift in Sources */ = {isa = PBXBuildFile; fileRef = A2B996332D03621D00004AD2 /* SceneDelegate.swift */; };
		A2B996362D03621D00004AD2 /* ViewController.swift in Sources */ = {isa = PBXBuildFile; fileRef = A2B996352D03621D00004AD2 /* ViewController.swift */; };
		A2B996392D03621D00004AD2 /* Base in Resources */ = {isa = PBXBuildFile; fileRef = A2B996382D03621D00004AD2 /* Base */; };
		A2B9963B2D03621E00004AD2 /* Assets.xcassets in Resources */ = {isa = PBXBuildFile; fileRef = A2B9963A2D03621E00004AD2 /* Assets.xcassets */; };
		A2B9963E2D03621E00004AD2 /* Base in Resources */ = {isa = PBXBuildFile; fileRef = A2B9963D2D03621E00004AD2 /* Base */; };
/* End PBXBuildFile section */

/* Begin PBXFileReference section */
		A2B9962E2D03621D00004AD2 /* hw38 - SPM.app */ = {isa = PBXFileReference; explicitFileType = wrapper.application; includeInIndex = 0; path = "hw38 - SPM.app"; sourceTree = BUILT_PRODUCTS_DIR; };
		A2B996312D03621D00004AD2 /* AppDelegate.swift */ = {isa = PBXFileReference; lastKnownFileType = sourcecode.swift; path = AppDelegate.swift; sourceTree = "<group>"; };
		A2B996332D03621D00004AD2 /* SceneDelegate.swift */ = {isa = PBXFileReference; lastKnownFileType = sourcecode.swift; path = SceneDelegate.swift; sourceTree = "<group>"; };
		A2B996352D03621D00004AD2 /* ViewController.swift */ = {isa = PBXFileReference; lastKnownFileType = sourcecode.swift; path = ViewController.swift; sourceTree = "<group>"; };
		A2B996382D03621D00004AD2 /* Base */ = {isa = PBXFileReference; lastKnownFileType = file.storyboard; name = Base; path = Base.lproj/Main.storyboard; sourceTree = "<group>"; };
		A2B9963A2D03621E00004AD2 /* Assets.xcassets */ = {isa = PBXFileReference; lastKnownFileType = folder.assetcatalog; path = Assets.xcassets; sourceTree = "<group>"; };
		A2B9963D2D03621E00004AD2 /* Base */ = {isa = PBXFileReference; lastKnownFileType = file.storyboard; name = Base; path = Base.lproj/LaunchScreen.storyboard; sourceTree = "<group>"; };
		A2B9963F2D03621E00004AD2 /* Info.plist */ = {isa = PBXFileReference; lastKnownFileType = text.plist.xml; path = Info.plist; sourceTree = "<group>"; };
/* End PBXFileReference section */

/* Begin PBXFrameworksBuildPhase section */
		A2B9962B2D03621D00004AD2 /* Frameworks */ = {
			isa = PBXFrameworksBuildPhase;
			buildActionMask = 2147483647;
			files = (
				A2A5B0ED2D09F5610058FD0C /* Alamofire in Frameworks */,
				A2A5B0F02D09F5D20058FD0C /* FirebaseCrashlytics in Frameworks */,
			);
			runOnlyForDeploymentPostprocessing = 0;
		};
/* End PBXFrameworksBuildPhase section */

/* Begin PBXGroup section */
		A2B996252D03621D00004AD2 = {
			isa = PBXGroup;
			children = (
				A2B996302D03621D00004AD2 /* hw38 - SPM */,
				A2B9962F2D03621D00004AD2 /* Products */,
			);
			sourceTree = "<group>";
		};
		A2B9962F2D03621D00004AD2 /* Products */ = {
			isa = PBXGroup;
			children = (
				A2B9962E2D03621D00004AD2 /* hw38 - SPM.app */,
			);
			name = Products;
			sourceTree = "<group>";
		};
		A2B996302D03621D00004AD2 /* hw38 - SPM */ = {
			isa = PBXGroup;
			children = (
				A2B996312D03621D00004AD2 /* AppDelegate.swift */,
				A2B996332D03621D00004AD2 /* SceneDelegate.swift */,
				A2B996352D03621D00004AD2 /* ViewController.swift */,
				A2B996372D03621D00004AD2 /* Main.storyboard */,
				A2B9963A2D03621E00004AD2 /* Assets.xcassets */,
				A2B9963C2D03621E00004AD2 /* LaunchScreen.storyboard */,
				A2B9963F2D03621E00004AD2 /* Info.plist */,
			);
			path = "hw38 - SPM";
			sourceTree = "<group>";
		};
/* End PBXGroup section */

/* Begin PBXNativeTarget section */
		A2B9962D2D03621D00004AD2 /* hw38 - SPM */ = {
			isa = PBXNativeTarget;
			buildConfigurationList = A2B996422D03621E00004AD2 /* Build configuration list for PBXNativeTarget "hw38 - SPM" */;
			buildPhases = (
				A2B9962A2D03621D00004AD2 /* Sources */,
				A2B9962B2D03621D00004AD2 /* Frameworks */,
				A2B9962C2D03621D00004AD2 /* Resources */,
			);
			buildRules = (
			);
			dependencies = (
			);
			name = "hw38 - SPM";
			packageProductDependencies = (
				A2A5B0EC2D09F5610058FD0C /* Alamofire */,
				A2A5B0EF2D09F5D20058FD0C /* FirebaseCrashlytics */,
			);
			productName = "hw38 - SPM";
			productReference = A2B9962E2D03621D00004AD2 /* hw38 - SPM.app */;
			productType = "com.apple.product-type.application";
		};
/* End PBXNativeTarget section */

/* Begin PBXProject section */
		A2B996262D03621D00004AD2 /* Project object */ = {
			isa = PBXProject;
			attributes = {
				BuildIndependentTargetsInParallel = 1;
				LastSwiftUpdateCheck = 1540;
				LastUpgradeCheck = 1540;
				TargetAttributes = {
					A2B9962D2D03621D00004AD2 = {
						CreatedOnToolsVersion = 15.4;
					};
				};
			};
			buildConfigurationList = A2B996292D03621D00004AD2 /* Build configuration list for PBXProject "hw38 - SPM" */;
			compatibilityVersion = "Xcode 14.0";
			developmentRegion = en;
			hasScannedForEncodings = 0;
			knownRegions = (
				en,
				Base,
			);
			mainGroup = A2B996252D03621D00004AD2;
			packageReferences = (
				A2A5B0EB2D09F5610058FD0C /* XCRemoteSwiftPackageReference "Alamofire" */,
				A2A5B0EE2D09F5D20058FD0C /* XCRemoteSwiftPackageReference "firebase-ios-sdk" */,
			);
			productRefGroup = A2B9962F2D03621D00004AD2 /* Products */;
			projectDirPath = "";
			projectRoot = "";
			targets = (
				A2B9962D2D03621D00004AD2 /* hw38 - SPM */,
			);
		};
/* End PBXProject section */

/* Begin PBXResourcesBuildPhase section */
		A2B9962C2D03621D00004AD2 /* Resources */ = {
			isa = PBXResourcesBuildPhase;
			buildActionMask = 2147483647;
			files = (
				A2B9963B2D03621E00004AD2 /* Assets.xcassets in Resources */,
				A2B9963E2D03621E00004AD2 /* Base in Resources */,
				A2B996392D03621D00004AD2 /* Base in Resources */,
			);
			runOnlyForDeploymentPostprocessing = 0;
		};
/* End PBXResourcesBuildPhase section */

/* Begin PBXSourcesBuildPhase section */
		A2B9962A2D03621D00004AD2 /* Sources */ = {
			isa = PBXSourcesBuildPhase;
			buildActionMask = 2147483647;
			files = (
				A2B996362D03621D00004AD2 /* ViewController.swift in Sources */,
				A2B996322D03621D00004AD2 /* AppDelegate.swift in Sources */,
				A2B996342D03621D00004AD2 /* SceneDelegate.swift in Sources */,
			);
			runOnlyForDeploymentPostprocessing = 0;
		};
/* End PBXSourcesBuildPhase section */

/* Begin PBXVariantGroup section */
		A2B996372D03621D00004AD2 /* Main.storyboard */ = {
			isa = PBXVariantGroup;
			children = (
				A2B996382D03621D00004AD2 /* Base */,
			);
			name = Main.storyboard;
			sourceTree = "<group>";
		};
		A2B9963C2D03621E00004AD2 /* LaunchScreen.storyboard */ = {
			isa = PBXVariantGroup;
			children = (
				A2B9963D2D03621E00004AD2 /* Base */,
			);
			name = LaunchScreen.storyboard;
			sourceTree = "<group>";
		};
/* End PBXVariantGroup section */

/* Begin XCBuildConfiguration section */
		A2B996402D03621E00004AD2 /* Debug */ = {
			isa = XCBuildConfiguration;
			buildSettings = {
				ALWAYS_SEARCH_USER_PATHS = NO;
				ASSETCATALOG_COMPILER_GENERATE_SWIFT_ASSET_SYMBOL_EXTENSIONS = YES;
				CLANG_ANALYZER_NONNULL = YES;
				CLANG_ANALYZER_NUMBER_OBJECT_CONVERSION = YES_AGGRESSIVE;
				CLANG_CXX_LANGUAGE_STANDARD = "gnu++20";
				CLANG_ENABLE_MODULES = YES;
				CLANG_ENABLE_OBJC_ARC = YES;
				CLANG_ENABLE_OBJC_WEAK = YES;
				CLANG_WARN_BLOCK_CAPTURE_AUTORELEASING = YES;
				CLANG_WARN_BOOL_CONVERSION = YES;
				CLANG_WARN_COMMA = YES;
				CLANG_WARN_CONSTANT_CONVERSION = YES;
				CLANG_WARN_DEPRECATED_OBJC_IMPLEMENTATIONS = YES;
				CLANG_WARN_DIRECT_OBJC_ISA_USAGE = YES_ERROR;
				CLANG_WARN_DOCUMENTATION_COMMENTS = YES;
				CLANG_WARN_EMPTY_BODY = YES;
				CLANG_WARN_ENUM_CONVERSION = YES;
				CLANG_WARN_INFINITE_RECURSION = YES;
				CLANG_WARN_INT_CONVERSION = YES;
				CLANG_WARN_NON_LITERAL_NULL_CONVERSION = YES;
				CLANG_WARN_OBJC_IMPLICIT_RETAIN_SELF = YES;
				CLANG_WARN_OBJC_LITERAL_CONVERSION = YES;
				CLANG_WARN_OBJC_ROOT_CLASS = YES_ERROR;
				CLANG_WARN_QUOTED_INCLUDE_IN_FRAMEWORK_HEADER = YES;
				CLANG_WARN_RANGE_LOOP_ANALYSIS = YES;
				CLANG_WARN_STRICT_PROTOTYPES = YES;
				CLANG_WARN_SUSPICIOUS_MOVE = YES;
				CLANG_WARN_UNGUARDED_AVAILABILITY = YES_AGGRESSIVE;
				CLANG_WARN_UNREACHABLE_CODE = YES;
				CLANG_WARN__DUPLICATE_METHOD_MATCH = YES;
				COPY_PHASE_STRIP = NO;
				DEBUG_INFORMATION_FORMAT = dwarf;
				ENABLE_STRICT_OBJC_MSGSEND = YES;
				ENABLE_TESTABILITY = YES;
				ENABLE_USER_SCRIPT_SANDBOXING = YES;
				GCC_C_LANGUAGE_STANDARD = gnu17;
				GCC_DYNAMIC_NO_PIC = NO;
				GCC_NO_COMMON_BLOCKS = YES;
				GCC_OPTIMIZATION_LEVEL = 0;
				GCC_PREPROCESSOR_DEFINITIONS = (
					"DEBUG=1",
					"$(inherited)",
				);
				GCC_WARN_64_TO_32_BIT_CONVERSION = YES;
				GCC_WARN_ABOUT_RETURN_TYPE = YES_ERROR;
				GCC_WARN_UNDECLARED_SELECTOR = YES;
				GCC_WARN_UNINITIALIZED_AUTOS = YES_AGGRESSIVE;
				GCC_WARN_UNUSED_FUNCTION = YES;
				GCC_WARN_UNUSED_VARIABLE = YES;
				IPHONEOS_DEPLOYMENT_TARGET = 17.5;
				LOCALIZATION_PREFERS_STRING_CATALOGS = YES;
				MTL_ENABLE_DEBUG_INFO = INCLUDE_SOURCE;
				MTL_FAST_MATH = YES;
				ONLY_ACTIVE_ARCH = YES;
				SDKROOT = iphoneos;
				SWIFT_ACTIVE_COMPILATION_CONDITIONS = "DEBUG $(inherited)";
				SWIFT_OPTIMIZATION_LEVEL = "-Onone";
			};
			name = Debug;
		};
		A2B996412D03621E00004AD2 /* Release */ = {
			isa = XCBuildConfiguration;
			buildSettings = {
				ALWAYS_SEARCH_USER_PATHS = NO;
				ASSETCATALOG_COMPILER_GENERATE_SWIFT_ASSET_SYMBOL_EXTENSIONS = YES;
				CLANG_ANALYZER_NONNULL = YES;
				CLANG_ANALYZER_NUMBER_OBJECT_CONVERSION = YES_AGGRESSIVE;
				CLANG_CXX_LANGUAGE_STANDARD = "gnu++20";
				CLANG_ENABLE_MODULES = YES;
				CLANG_ENABLE_OBJC_ARC = YES;
				CLANG_ENABLE_OBJC_WEAK = YES;
				CLANG_WARN_BLOCK_CAPTURE_AUTORELEASING = YES;
				CLANG_WARN_BOOL_CONVERSION = YES;
				CLANG_WARN_COMMA = YES;
				CLANG_WARN_CONSTANT_CONVERSION = YES;
				CLANG_WARN_DEPRECATED_OBJC_IMPLEMENTATIONS = YES;
				CLANG_WARN_DIRECT_OBJC_ISA_USAGE = YES_ERROR;
				CLANG_WARN_DOCUMENTATION_COMMENTS = YES;
				CLANG_WARN_EMPTY_BODY = YES;
				CLANG_WARN_ENUM_CONVERSION = YES;
				CLANG_WARN_INFINITE_RECURSION = YES;
				CLANG_WARN_INT_CONVERSION = YES;
				CLANG_WARN_NON_LITERAL_NULL_CONVERSION = YES;
				CLANG_WARN_OBJC_IMPLICIT_RETAIN_SELF = YES;
				CLANG_WARN_OBJC_LITERAL_CONVERSION = YES;
				CLANG_WARN_OBJC_ROOT_CLASS = YES_ERROR;
				CLANG_WARN_QUOTED_INCLUDE_IN_FRAMEWORK_HEADER = YES;
				CLANG_WARN_RANGE_LOOP_ANALYSIS = YES;
				CLANG_WARN_STRICT_PROTOTYPES = YES;
				CLANG_WARN_SUSPICIOUS_MOVE = YES;
				CLANG_WARN_UNGUARDED_AVAILABILITY = YES_AGGRESSIVE;
				CLANG_WARN_UNREACHABLE_CODE = YES;
				CLANG_WARN__DUPLICATE_METHOD_MATCH = YES;
				COPY_PHASE_STRIP = NO;
				DEBUG_INFORMATION_FORMAT = "dwarf-with-dsym";
				ENABLE_NS_ASSERTIONS = NO;
				ENABLE_STRICT_OBJC_MSGSEND = YES;
				ENABLE_USER_SCRIPT_SANDBOXING = YES;
				GCC_C_LANGUAGE_STANDARD = gnu17;
				GCC_NO_COMMON_BLOCKS = YES;
				GCC_WARN_64_TO_32_BIT_CONVERSION = YES;
				GCC_WARN_ABOUT_RETURN_TYPE = YES_ERROR;
				GCC_WARN_UNDECLARED_SELECTOR = YES;
				GCC_WARN_UNINITIALIZED_AUTOS = YES_AGGRESSIVE;
				GCC_WARN_UNUSED_FUNCTION = YES;
				GCC_WARN_UNUSED_VARIABLE = YES;
				IPHONEOS_DEPLOYMENT_TARGET = 17.5;
				LOCALIZATION_PREFERS_STRING_CATALOGS = YES;
				MTL_ENABLE_DEBUG_INFO = NO;
				MTL_FAST_MATH = YES;
				SDKROOT = iphoneos;
				SWIFT_COMPILATION_MODE = wholemodule;
				VALIDATE_PRODUCT = YES;
			};
			name = Release;
		};
		A2B996432D03621E00004AD2 /* Debug */ = {
			isa = XCBuildConfiguration;
			buildSettings = {
				ASSETCATALOG_COMPILER_APPICON_NAME = AppIcon;
				ASSETCATALOG_COMPILER_GLOBAL_ACCENT_COLOR_NAME = AccentColor;
				CODE_SIGN_STYLE = Automatic;
				CURRENT_PROJECT_VERSION = 1;
				GENERATE_INFOPLIST_FILE = YES;
				INFOPLIST_FILE = "hw38 - SPM/Info.plist";
				INFOPLIST_KEY_UIApplicationSupportsIndirectInputEvents = YES;
				INFOPLIST_KEY_UILaunchStoryboardName = LaunchScreen;
				INFOPLIST_KEY_UIMainStoryboardFile = Main;
				INFOPLIST_KEY_UISupportedInterfaceOrientations_iPad = "UIInterfaceOrientationPortrait UIInterfaceOrientationPortraitUpsideDown UIInterfaceOrientationLandscapeLeft UIInterfaceOrientationLandscapeRight";
				INFOPLIST_KEY_UISupportedInterfaceOrientations_iPhone = "UIInterfaceOrientationPortrait UIInterfaceOrientationLandscapeLeft UIInterfaceOrientationLandscapeRight";
				LD_RUNPATH_SEARCH_PATHS = (
					"$(inherited)",
					"@executable_path/Frameworks",
				);
				MARKETING_VERSION = 1.0;
				PRODUCT_BUNDLE_IDENTIFIER = "yepcock.hw38---SPM";
				PRODUCT_NAME = "$(TARGET_NAME)";
				SWIFT_EMIT_LOC_STRINGS = YES;
				SWIFT_VERSION = 5.0;
				TARGETED_DEVICE_FAMILY = "1,2";
			};
			name = Debug;
		};
		A2B996442D03621E00004AD2 /* Release */ = {
			isa = XCBuildConfiguration;
			buildSettings = {
				ASSETCATALOG_COMPILER_APPICON_NAME = AppIcon;
				ASSETCATALOG_COMPILER_GLOBAL_ACCENT_COLOR_NAME = AccentColor;
				CODE_SIGN_STYLE = Automatic;
				CURRENT_PROJECT_VERSION = 1;
				GENERATE_INFOPLIST_FILE = YES;
				INFOPLIST_FILE = "hw38 - SPM/Info.plist";
				INFOPLIST_KEY_UIApplicationSupportsIndirectInputEvents = YES;
				INFOPLIST_KEY_UILaunchStoryboardName = LaunchScreen;
				INFOPLIST_KEY_UIMainStoryboardFile = Main;
				INFOPLIST_KEY_UISupportedInterfaceOrientations_iPad = "UIInterfaceOrientationPortrait UIInterfaceOrientationPortraitUpsideDown UIInterfaceOrientationLandscapeLeft UIInterfaceOrientationLandscapeRight";
				INFOPLIST_KEY_UISupportedInterfaceOrientations_iPhone = "UIInterfaceOrientationPortrait UIInterfaceOrientationLandscapeLeft UIInterfaceOrientationLandscapeRight";
				LD_RUNPATH_SEARCH_PATHS = (
					"$(inherited)",
					"@executable_path/Frameworks",
				);
				MARKETING_VERSION = 1.0;
				PRODUCT_BUNDLE_IDENTIFIER = "yepcock.hw38---SPM";
				PRODUCT_NAME = "$(TARGET_NAME)";
				SWIFT_EMIT_LOC_STRINGS = YES;
				SWIFT_VERSION = 5.0;
				TARGETED_DEVICE_FAMILY = "1,2";
			};
			name = Release;
		};
/* End XCBuildConfiguration section */

/* Begin XCConfigurationList section */
		A2B996292D03621D00004AD2 /* Build configuration list for PBXProject "hw38 - SPM" */ = {
			isa = XCConfigurationList;
			buildConfigurations = (
				A2B996402D03621E00004AD2 /* Debug */,
				A2B996412D03621E00004AD2 /* Release */,
			);
			defaultConfigurationIsVisible = 0;
			defaultConfigurationName = Release;
		};
		A2B996422D03621E00004AD2 /* Build configuration list for PBXNativeTarget "hw38 - SPM" */ = {
			isa = XCConfigurationList;
			buildConfigurations = (
				A2B996432D03621E00004AD2 /* Debug */,
				A2B996442D03621E00004AD2 /* Release */,
			);
			defaultConfigurationIsVisible = 0;
			defaultConfigurationName = Release;
		};
/* End XCConfigurationList section */

/* Begin XCRemoteSwiftPackageReference section */
		A2A5B0EB2D09F5610058FD0C /* XCRemoteSwiftPackageReference "Alamofire" */ = {
			isa = XCRemoteSwiftPackageReference;
			repositoryURL = "https://github.com/Alamofire/Alamofire";
			requirement = {
				kind = upToNextMajorVersion;
				minimumVersion = 5.10.2;
			};
		};
		A2A5B0EE2D09F5D20058FD0C /* XCRemoteSwiftPackageReference "firebase-ios-sdk" */ = {
			isa = XCRemoteSwiftPackageReference;
			repositoryURL = "https://github.com/firebase/firebase-ios-sdk.git";
			requirement = {
				kind = upToNextMajorVersion;
				minimumVersion = 11.6.0;
			};
		};
/* End XCRemoteSwiftPackageReference section */

/* Begin XCSwiftPackageProductDependency section */
		A2A5B0EC2D09F5610058FD0C /* Alamofire */ = {
			isa = XCSwiftPackageProductDependency;
			package = A2A5B0EB2D09F5610058FD0C /* XCRemoteSwiftPackageReference "Alamofire" */;
			productName = Alamofire;
		};
		A2A5B0EF2D09F5D20058FD0C /* FirebaseCrashlytics */ = {
			isa = XCSwiftPackageProductDependency;
			package = A2A5B0EE2D09F5D20058FD0C /* XCRemoteSwiftPackageReference "firebase-ios-sdk" */;
			productName = FirebaseCrashlytics;
		};
/* End XCSwiftPackageProductDependency section */
	};
	rootObject = A2B996262D03621D00004AD2 /* Project object */;
}
