PODS:
  - Alamofire (5.10.2)
  - Crashlytics (3.14.0):
    - Fabric (~> 1.10.2)
  - Fabric (1.10.2)

DEPENDENCIES:
  - Alamofire
  - Crashlytics
  - Fabric

SPEC REPOS:
  trunk:
    - Alamofire
    - Crashlytics
    - Fabric

SPEC CHECKSUMS:
  Alamofire: 7193b3b92c74a07f85569e1a6c4f4237291e7496
  Crashlytics: 9220f5bc89e7a618df411b4f639389dbfb0e03d2
  Fabric: ea977e3cd9c20425516d3dafd3bf8c941c51223f

PODFILE CHECKSUM: de47bf78304f6ff3ac66f2af6e2fbe72c3b90931

COCOAPODS: 1.15.2
