// !$*UTF8*$!
{
	archiveVersion = 1;
	classes = {
	};
	objectVersion = 56;
	objects = {

/* Begin PBXBuildFile section */
		A240EC7C2CF9CE9C00ACE49C /* AppDelegate.swift in Sources */ = {isa = PBXBuildFile; fileRef = A240EC7B2CF9CE9C00ACE49C /* AppDelegate.swift */; };
		A240EC7E2CF9CE9C00ACE49C /* SceneDelegate.swift in Sources */ = {isa = PBXBuildFile; fileRef = A240EC7D2CF9CE9C00ACE49C /* SceneDelegate.swift */; };
		A240EC852CF9CE9D00ACE49C /* Assets.xcassets in Resources */ = {isa = PBXBuildFile; fileRef = A240EC842CF9CE9D00ACE49C /* Assets.xcassets */; };
		A240EC882CF9CE9D00ACE49C /* Base in Resources */ = {isa = PBXBuildFile; fileRef = A240EC872CF9CE9D00ACE49C /* Base */; };
		A240EC9B2CFA938500ACE49C /* MainScreenViewController.swift in Sources */ = {isa = PBXBuildFile; fileRef = A240EC9A2CFA938500ACE49C /* MainScreenViewController.swift */; };
		A240EC9D2CFA93A800ACE49C /* MainScreenInteractor.swift in Sources */ = {isa = PBXBuildFile; fileRef = A240EC9C2CFA93A700ACE49C /* MainScreenInteractor.swift */; };
		A240EC9F2CFA93B700ACE49C /* MainScreenPresenter.swift in Sources */ = {isa = PBXBuildFile; fileRef = A240EC9E2CFA93B700ACE49C /* MainScreenPresenter.swift */; };
		A240ECA32CFA93D900ACE49C /* MainScreenModels.swift in Sources */ = {isa = PBXBuildFile; fileRef = A240ECA22CFA93D900ACE49C /* MainScreenModels.swift */; };
		A240ECA52CFC09B000ACE49C /* MainScreenConfigurator.swift in Sources */ = {isa = PBXBuildFile; fileRef = A240ECA42CFC09B000ACE49C /* MainScreenConfigurator.swift */; };
/* End PBXBuildFile section */

/* Begin PBXFileReference section */
		A240EC782CF9CE9C00ACE49C /* hw34.app */ = {isa = PBXFileReference; explicitFileType = wrapper.application; includeInIndex = 0; path = hw34.app; sourceTree = BUILT_PRODUCTS_DIR; };
		A240EC7B2CF9CE9C00ACE49C /* AppDelegate.swift */ = {isa = PBXFileReference; lastKnownFileType = sourcecode.swift; path = AppDelegate.swift; sourceTree = "<group>"; };
		A240EC7D2CF9CE9C00ACE49C /* SceneDelegate.swift */ = {isa = PBXFileReference; lastKnownFileType = sourcecode.swift; path = SceneDelegate.swift; sourceTree = "<group>"; };
		A240EC842CF9CE9D00ACE49C /* Assets.xcassets */ = {isa = PBXFileReference; lastKnownFileType = folder.assetcatalog; path = Assets.xcassets; sourceTree = "<group>"; };
		A240EC872CF9CE9D00ACE49C /* Base */ = {isa = PBXFileReference; lastKnownFileType = file.storyboard; name = Base; path = Base.lproj/LaunchScreen.storyboard; sourceTree = "<group>"; };
		A240EC892CF9CE9D00ACE49C /* Info.plist */ = {isa = PBXFileReference; lastKnownFileType = text.plist.xml; path = Info.plist; sourceTree = "<group>"; };
		A240EC9A2CFA938500ACE49C /* MainScreenViewController.swift */ = {isa = PBXFileReference; lastKnownFileType = sourcecode.swift; path = MainScreenViewController.swift; sourceTree = "<group>"; };
		A240EC9C2CFA93A700ACE49C /* MainScreenInteractor.swift */ = {isa = PBXFileReference; lastKnownFileType = sourcecode.swift; path = MainScreenInteractor.swift; sourceTree = "<group>"; };
		A240EC9E2CFA93B700ACE49C /* MainScreenPresenter.swift */ = {isa = PBXFileReference; lastKnownFileType = sourcecode.swift; path = MainScreenPresenter.swift; sourceTree = "<group>"; };
		A240ECA22CFA93D900ACE49C /* MainScreenModels.swift */ = {isa = PBXFileReference; lastKnownFileType = sourcecode.swift; path = MainScreenModels.swift; sourceTree = "<group>"; };
		A240ECA42CFC09B000ACE49C /* MainScreenConfigurator.swift */ = {isa = PBXFileReference; lastKnownFileType = sourcecode.swift; path = MainScreenConfigurator.swift; sourceTree = "<group>"; };
/* End PBXFileReference section */

/* Begin PBXFrameworksBuildPhase section */
		A240EC752CF9CE9C00ACE49C /* Frameworks */ = {
			isa = PBXFrameworksBuildPhase;
			buildActionMask = 2147483647;
			files = (
			);
			runOnlyForDeploymentPostprocessing = 0;
		};
/* End PBXFrameworksBuildPhase section */

/* Begin PBXGroup section */
		A240EC6F2CF9CE9C00ACE49C = {
			isa = PBXGroup;
			children = (
				A240EC7A2CF9CE9C00ACE49C /* hw34 */,
				A240EC792CF9CE9C00ACE49C /* Products */,
			);
			sourceTree = "<group>";
		};
		A240EC792CF9CE9C00ACE49C /* Products */ = {
			isa = PBXGroup;
			children = (
				A240EC782CF9CE9C00ACE49C /* hw34.app */,
			);
			name = Products;
			sourceTree = "<group>";
		};
		A240EC7A2CF9CE9C00ACE49C /* hw34 */ = {
			isa = PBXGroup;
			children = (
				A240EC992CFA917B00ACE49C /* Scenes */,
				A240EC8F2CF9D93900ACE49C /* Supporting */,
				A240EC892CF9CE9D00ACE49C /* Info.plist */,
			);
			path = hw34;
			sourceTree = "<group>";
		};
		A240EC8F2CF9D93900ACE49C /* Supporting */ = {
			isa = PBXGroup;
			children = (
				A240EC7D2CF9CE9C00ACE49C /* SceneDelegate.swift */,
				A240EC7B2CF9CE9C00ACE49C /* AppDelegate.swift */,
				A240EC842CF9CE9D00ACE49C /* Assets.xcassets */,
				A240EC862CF9CE9D00ACE49C /* LaunchScreen.storyboard */,
			);
			path = Supporting;
			sourceTree = "<group>";
		};
		A240EC902CF9D96400ACE49C /* MainScreen */ = {
			isa = PBXGroup;
			children = (
				A240EC9A2CFA938500ACE49C /* MainScreenViewController.swift */,
				A240EC9C2CFA93A700ACE49C /* MainScreenInteractor.swift */,
				A240EC9E2CFA93B700ACE49C /* MainScreenPresenter.swift */,
				A240ECA22CFA93D900ACE49C /* MainScreenModels.swift */,
				A240ECA42CFC09B000ACE49C /* MainScreenConfigurator.swift */,
			);
			path = MainScreen;
			sourceTree = "<group>";
		};
		A240EC992CFA917B00ACE49C /* Scenes */ = {
			isa = PBXGroup;
			children = (
				A240EC902CF9D96400ACE49C /* MainScreen */,
			);
			path = Scenes;
			sourceTree = "<group>";
		};
/* End PBXGroup section */

/* Begin PBXNativeTarget section */
		A240EC772CF9CE9C00ACE49C /* hw34 */ = {
			isa = PBXNativeTarget;
			buildConfigurationList = A240EC8C2CF9CE9D00ACE49C /* Build configuration list for PBXNativeTarget "hw34" */;
			buildPhases = (
				A240EC742CF9CE9C00ACE49C /* Sources */,
				A240EC752CF9CE9C00ACE49C /* Frameworks */,
				A240EC762CF9CE9C00ACE49C /* Resources */,
			);
			buildRules = (
			);
			dependencies = (
			);
			name = hw34;
			productName = hw34;
			productReference = A240EC782CF9CE9C00ACE49C /* hw34.app */;
			productType = "com.apple.product-type.application";
		};
/* End PBXNativeTarget section */

/* Begin PBXProject section */
		A240EC702CF9CE9C00ACE49C /* Project object */ = {
			isa = PBXProject;
			attributes = {
				BuildIndependentTargetsInParallel = 1;
				LastSwiftUpdateCheck = 1540;
				LastUpgradeCheck = 1540;
				TargetAttributes = {
					A240EC772CF9CE9C00ACE49C = {
						CreatedOnToolsVersion = 15.4;
					};
				};
			};
			buildConfigurationList = A240EC732CF9CE9C00ACE49C /* Build configuration list for PBXProject "hw34" */;
			compatibilityVersion = "Xcode 14.0";
			developmentRegion = en;
			hasScannedForEncodings = 0;
			knownRegions = (
				en,
				Base,
			);
			mainGroup = A240EC6F2CF9CE9C00ACE49C;
			productRefGroup = A240EC792CF9CE9C00ACE49C /* Products */;
			projectDirPath = "";
			projectRoot = "";
			targets = (
				A240EC772CF9CE9C00ACE49C /* hw34 */,
			);
		};
/* End PBXProject section */

/* Begin PBXResourcesBuildPhase section */
		A240EC762CF9CE9C00ACE49C /* Resources */ = {
			isa = PBXResourcesBuildPhase;
			buildActionMask = 2147483647;
			files = (
				A240EC852CF9CE9D00ACE49C /* Assets.xcassets in Resources */,
				A240EC882CF9CE9D00ACE49C /* Base in Resources */,
			);
			runOnlyForDeploymentPostprocessing = 0;
		};
/* End PBXResourcesBuildPhase section */

/* Begin PBXSourcesBuildPhase section */
		A240EC742CF9CE9C00ACE49C /* Sources */ = {
			isa = PBXSourcesBuildPhase;
			buildActionMask = 2147483647;
			files = (
				A240EC7C2CF9CE9C00ACE49C /* AppDelegate.swift in Sources */,
				A240EC9D2CFA93A800ACE49C /* MainScreenInteractor.swift in Sources */,
				A240ECA32CFA93D900ACE49C /* MainScreenModels.swift in Sources */,
				A240EC7E2CF9CE9C00ACE49C /* SceneDelegate.swift in Sources */,
				A240EC9B2CFA938500ACE49C /* MainScreenViewController.swift in Sources */,
				A240ECA52CFC09B000ACE49C /* MainScreenConfigurator.swift in Sources */,
				A240EC9F2CFA93B700ACE49C /* MainScreenPresenter.swift in Sources */,
			);
			runOnlyForDeploymentPostprocessing = 0;
		};
/* End PBXSourcesBuildPhase section */

/* Begin PBXVariantGroup section */
		A240EC862CF9CE9D00ACE49C /* LaunchScreen.storyboard */ = {
			isa = PBXVariantGroup;
			children = (
				A240EC872CF9CE9D00ACE49C /* Base */,
			);
			name = LaunchScreen.storyboard;
			sourceTree = "<group>";
		};
/* End PBXVariantGroup section */

/* Begin XCBuildConfiguration section */
		A240EC8A2CF9CE9D00ACE49C /* Debug */ = {
			isa = XCBuildConfiguration;
			buildSettings = {
				ALWAYS_SEARCH_USER_PATHS = NO;
				ASSETCATALOG_COMPILER_GENERATE_SWIFT_ASSET_SYMBOL_EXTENSIONS = YES;
				CLANG_ANALYZER_NONNULL = YES;
				CLANG_ANALYZER_NUMBER_OBJECT_CONVERSION = YES_AGGRESSIVE;
				CLANG_CXX_LANGUAGE_STANDARD = "gnu++20";
				CLANG_ENABLE_MODULES = YES;
				CLANG_ENABLE_OBJC_ARC = YES;
				CLANG_ENABLE_OBJC_WEAK = YES;
				CLANG_WARN_BLOCK_CAPTURE_AUTORELEASING = YES;
				CLANG_WARN_BOOL_CONVERSION = YES;
				CLANG_WARN_COMMA = YES;
				CLANG_WARN_CONSTANT_CONVERSION = YES;
				CLANG_WARN_DEPRECATED_OBJC_IMPLEMENTATIONS = YES;
				CLANG_WARN_DIRECT_OBJC_ISA_USAGE = YES_ERROR;
				CLANG_WARN_DOCUMENTATION_COMMENTS = YES;
				CLANG_WARN_EMPTY_BODY = YES;
				CLANG_WARN_ENUM_CONVERSION = YES;
				CLANG_WARN_INFINITE_RECURSION = YES;
				CLANG_WARN_INT_CONVERSION = YES;
				CLANG_WARN_NON_LITERAL_NULL_CONVERSION = YES;
				CLANG_WARN_OBJC_IMPLICIT_RETAIN_SELF = YES;
				CLANG_WARN_OBJC_LITERAL_CONVERSION = YES;
				CLANG_WARN_OBJC_ROOT_CLASS = YES_ERROR;
				CLANG_WARN_QUOTED_INCLUDE_IN_FRAMEWORK_HEADER = YES;
				CLANG_WARN_RANGE_LOOP_ANALYSIS = YES;
				CLANG_WARN_STRICT_PROTOTYPES = YES;
				CLANG_WARN_SUSPICIOUS_MOVE = YES;
				CLANG_WARN_UNGUARDED_AVAILABILITY = YES_AGGRESSIVE;
				CLANG_WARN_UNREACHABLE_CODE = YES;
				CLANG_WARN__DUPLICATE_METHOD_MATCH = YES;
				COPY_PHASE_STRIP = NO;
				DEBUG_INFORMATION_FORMAT = dwarf;
				ENABLE_STRICT_OBJC_MSGSEND = YES;
				ENABLE_TESTABILITY = YES;
				ENABLE_USER_SCRIPT_SANDBOXING = YES;
				GCC_C_LANGUAGE_STANDARD = gnu17;
				GCC_DYNAMIC_NO_PIC = NO;
				GCC_NO_COMMON_BLOCKS = YES;
				GCC_OPTIMIZATION_LEVEL = 0;
				GCC_PREPROCESSOR_DEFINITIONS = (
					"DEBUG=1",
					"$(inherited)",
				);
				GCC_WARN_64_TO_32_BIT_CONVERSION = YES;
				GCC_WARN_ABOUT_RETURN_TYPE = YES_ERROR;
				GCC_WARN_UNDECLARED_SELECTOR = YES;
				GCC_WARN_UNINITIALIZED_AUTOS = YES_AGGRESSIVE;
				GCC_WARN_UNUSED_FUNCTION = YES;
				GCC_WARN_UNUSED_VARIABLE = YES;
				IPHONEOS_DEPLOYMENT_TARGET = 17.5;
				LOCALIZATION_PREFERS_STRING_CATALOGS = YES;
				MTL_ENABLE_DEBUG_INFO = INCLUDE_SOURCE;
				MTL_FAST_MATH = YES;
				ONLY_ACTIVE_ARCH = YES;
				SDKROOT = iphoneos;
				SWIFT_ACTIVE_COMPILATION_CONDITIONS = "DEBUG $(inherited)";
				SWIFT_OPTIMIZATION_LEVEL = "-Onone";
			};
			name = Debug;
		};
		A240EC8B2CF9CE9D00ACE49C /* Release */ = {
			isa = XCBuildConfiguration;
			buildSettings = {
				ALWAYS_SEARCH_USER_PATHS = NO;
				ASSETCATALOG_COMPILER_GENERATE_SWIFT_ASSET_SYMBOL_EXTENSIONS = YES;
				CLANG_ANALYZER_NONNULL = YES;
				CLANG_ANALYZER_NUMBER_OBJECT_CONVERSION = YES_AGGRESSIVE;
				CLANG_CXX_LANGUAGE_STANDARD = "gnu++20";
				CLANG_ENABLE_MODULES = YES;
				CLANG_ENABLE_OBJC_ARC = YES;
				CLANG_ENABLE_OBJC_WEAK = YES;
				CLANG_WARN_BLOCK_CAPTURE_AUTORELEASING = YES;
				CLANG_WARN_BOOL_CONVERSION = YES;
				CLANG_WARN_COMMA = YES;
				CLANG_WARN_CONSTANT_CONVERSION = YES;
				CLANG_WARN_DEPRECATED_OBJC_IMPLEMENTATIONS = YES;
				CLANG_WARN_DIRECT_OBJC_ISA_USAGE = YES_ERROR;
				CLANG_WARN_DOCUMENTATION_COMMENTS = YES;
				CLANG_WARN_EMPTY_BODY = YES;
				CLANG_WARN_ENUM_CONVERSION = YES;
				CLANG_WARN_INFINITE_RECURSION = YES;
				CLANG_WARN_INT_CONVERSION = YES;
				CLANG_WARN_NON_LITERAL_NULL_CONVERSION = YES;
				CLANG_WARN_OBJC_IMPLICIT_RETAIN_SELF = YES;
				CLANG_WARN_OBJC_LITERAL_CONVERSION = YES;
				CLANG_WARN_OBJC_ROOT_CLASS = YES_ERROR;
				CLANG_WARN_QUOTED_INCLUDE_IN_FRAMEWORK_HEADER = YES;
				CLANG_WARN_RANGE_LOOP_ANALYSIS = YES;
				CLANG_WARN_STRICT_PROTOTYPES = YES;
				CLANG_WARN_SUSPICIOUS_MOVE = YES;
				CLANG_WARN_UNGUARDED_AVAILABILITY = YES_AGGRESSIVE;
				CLANG_WARN_UNREACHABLE_CODE = YES;
				CLANG_WARN__DUPLICATE_METHOD_MATCH = YES;
				COPY_PHASE_STRIP = NO;
				DEBUG_INFORMATION_FORMAT = "dwarf-with-dsym";
				ENABLE_NS_ASSERTIONS = NO;
				ENABLE_STRICT_OBJC_MSGSEND = YES;
				ENABLE_USER_SCRIPT_SANDBOXING = YES;
				GCC_C_LANGUAGE_STANDARD = gnu17;
				GCC_NO_COMMON_BLOCKS = YES;
				GCC_WARN_64_TO_32_BIT_CONVERSION = YES;
				GCC_WARN_ABOUT_RETURN_TYPE = YES_ERROR;
				GCC_WARN_UNDECLARED_SELECTOR = YES;
				GCC_WARN_UNINITIALIZED_AUTOS = YES_AGGRESSIVE;
				GCC_WARN_UNUSED_FUNCTION = YES;
				GCC_WARN_UNUSED_VARIABLE = YES;
				IPHONEOS_DEPLOYMENT_TARGET = 17.5;
				LOCALIZATION_PREFERS_STRING_CATALOGS = YES;
				MTL_ENABLE_DEBUG_INFO = NO;
				MTL_FAST_MATH = YES;
				SDKROOT = iphoneos;
				SWIFT_COMPILATION_MODE = wholemodule;
				VALIDATE_PRODUCT = YES;
			};
			name = Release;
		};
		A240EC8D2CF9CE9D00ACE49C /* Debug */ = {
			isa = XCBuildConfiguration;
			buildSettings = {
				ASSETCATALOG_COMPILER_APPICON_NAME = AppIcon;
				ASSETCATALOG_COMPILER_GLOBAL_ACCENT_COLOR_NAME = AccentColor;
				CODE_SIGN_STYLE = Automatic;
				CURRENT_PROJECT_VERSION = 1;
				GENERATE_INFOPLIST_FILE = YES;
				INFOPLIST_FILE = hw34/Info.plist;
				INFOPLIST_KEY_UIApplicationSupportsIndirectInputEvents = YES;
				INFOPLIST_KEY_UILaunchStoryboardName = LaunchScreen;
				INFOPLIST_KEY_UISupportedInterfaceOrientations_iPad = "UIInterfaceOrientationPortrait UIInterfaceOrientationPortraitUpsideDown UIInterfaceOrientationLandscapeLeft UIInterfaceOrientationLandscapeRight";
				INFOPLIST_KEY_UISupportedInterfaceOrientations_iPhone = "UIInterfaceOrientationPortrait UIInterfaceOrientationLandscapeLeft UIInterfaceOrientationLandscapeRight";
				LD_RUNPATH_SEARCH_PATHS = (
					"$(inherited)",
					"@executable_path/Frameworks",
				);
				MARKETING_VERSION = 1.0;
				PRODUCT_BUNDLE_IDENTIFIER = yepcock.hw34;
				PRODUCT_NAME = "$(TARGET_NAME)";
				SWIFT_EMIT_LOC_STRINGS = YES;
				SWIFT_VERSION = 5.0;
				TARGETED_DEVICE_FAMILY = "1,2";
			};
			name = Debug;
		};
		A240EC8E2CF9CE9D00ACE49C /* Release */ = {
			isa = XCBuildConfiguration;
			buildSettings = {
				ASSETCATALOG_COMPILER_APPICON_NAME = AppIcon;
				ASSETCATALOG_COMPILER_GLOBAL_ACCENT_COLOR_NAME = AccentColor;
				CODE_SIGN_STYLE = Automatic;
				CURRENT_PROJECT_VERSION = 1;
				GENERATE_INFOPLIST_FILE = YES;
				INFOPLIST_FILE = hw34/Info.plist;
				INFOPLIST_KEY_UIApplicationSupportsIndirectInputEvents = YES;
				INFOPLIST_KEY_UILaunchStoryboardName = LaunchScreen;
				INFOPLIST_KEY_UISupportedInterfaceOrientations_iPad = "UIInterfaceOrientationPortrait UIInterfaceOrientationPortraitUpsideDown UIInterfaceOrientationLandscapeLeft UIInterfaceOrientationLandscapeRight";
				INFOPLIST_KEY_UISupportedInterfaceOrientations_iPhone = "UIInterfaceOrientationPortrait UIInterfaceOrientationLandscapeLeft UIInterfaceOrientationLandscapeRight";
				LD_RUNPATH_SEARCH_PATHS = (
					"$(inherited)",
					"@executable_path/Frameworks",
				);
				MARKETING_VERSION = 1.0;
				PRODUCT_BUNDLE_IDENTIFIER = yepcock.hw34;
				PRODUCT_NAME = "$(TARGET_NAME)";
				SWIFT_EMIT_LOC_STRINGS = YES;
				SWIFT_VERSION = 5.0;
				TARGETED_DEVICE_FAMILY = "1,2";
			};
			name = Release;
		};
/* End XCBuildConfiguration section */

/* Begin XCConfigurationList section */
		A240EC732CF9CE9C00ACE49C /* Build configuration list for PBXProject "hw34" */ = {
			isa = XCConfigurationList;
			buildConfigurations = (
				A240EC8A2CF9CE9D00ACE49C /* Debug */,
				A240EC8B2CF9CE9D00ACE49C /* Release */,
			);
			defaultConfigurationIsVisible = 0;
			defaultConfigurationName = Release;
		};
		A240EC8C2CF9CE9D00ACE49C /* Build configuration list for PBXNativeTarget "hw34" */ = {
			isa = XCConfigurationList;
			buildConfigurations = (
				A240EC8D2CF9CE9D00ACE49C /* Debug */,
				A240EC8E2CF9CE9D00ACE49C /* Release */,
			);
			defaultConfigurationIsVisible = 0;
			defaultConfigurationName = Release;
		};
/* End XCConfigurationList section */
	};
	rootObject = A240EC702CF9CE9C00ACE49C /* Project object */;
}
