// !$*UTF8*$!
{
	archiveVersion = 1;
	classes = {
	};
	objectVersion = 56;
	objects = {

/* Begin PBXBuildFile section */
		A2717CA12C78BDA5004B7F5B /* CustomButton.swift in Sources */ = {isa = PBXBuildFile; fileRef = A2717CA02C78BDA5004B7F5B /* CustomButton.swift */; };
		A2CEDC832C74DFDB009C5AFA /* AppDelegate.swift in Sources */ = {isa = PBXBuildFile; fileRef = A2CEDC822C74DFDB009C5AFA /* AppDelegate.swift */; };
		A2CEDC852C74DFDB009C5AFA /* SceneDelegate.swift in Sources */ = {isa = PBXBuildFile; fileRef = A2CEDC842C74DFDB009C5AFA /* SceneDelegate.swift */; };
		A2CEDC872C74DFDB009C5AFA /* ViewController.swift in Sources */ = {isa = PBXBuildFile; fileRef = A2CEDC862C74DFDB009C5AFA /* ViewController.swift */; };
		A2CEDC8C2C74DFDD009C5AFA /* Assets.xcassets in Resources */ = {isa = PBXBuildFile; fileRef = A2CEDC8B2C74DFDD009C5AFA /* Assets.xcassets */; };
		A2CEDC8F2C74DFDD009C5AFA /* Base in Resources */ = {isa = PBXBuildFile; fileRef = A2CEDC8E2C74DFDD009C5AFA /* Base */; };
		A2CEDC982C761B8C009C5AFA /* CustomView.swift in Sources */ = {isa = PBXBuildFile; fileRef = A2CEDC972C761B8C009C5AFA /* CustomView.swift */; };
		A2CFDF6E2D0205CD00CB34DF /* Localizable.strings in Resources */ = {isa = PBXBuildFile; fileRef = A2CFDF6C2D0205CD00CB34DF /* Localizable.strings */; };
/* End PBXBuildFile section */

/* Begin PBXFileReference section */
		A2717CA02C78BDA5004B7F5B /* CustomButton.swift */ = {isa = PBXFileReference; lastKnownFileType = sourcecode.swift; path = CustomButton.swift; sourceTree = "<group>"; };
		A2CEDC7F2C74DFDB009C5AFA /* hw37.app */ = {isa = PBXFileReference; explicitFileType = wrapper.application; includeInIndex = 0; path = hw37.app; sourceTree = BUILT_PRODUCTS_DIR; };
		A2CEDC822C74DFDB009C5AFA /* AppDelegate.swift */ = {isa = PBXFileReference; lastKnownFileType = sourcecode.swift; path = AppDelegate.swift; sourceTree = "<group>"; };
		A2CEDC842C74DFDB009C5AFA /* SceneDelegate.swift */ = {isa = PBXFileReference; lastKnownFileType = sourcecode.swift; path = SceneDelegate.swift; sourceTree = "<group>"; };
		A2CEDC862C74DFDB009C5AFA /* ViewController.swift */ = {isa = PBXFileReference; lastKnownFileType = sourcecode.swift; path = ViewController.swift; sourceTree = "<group>"; };
		A2CEDC8B2C74DFDD009C5AFA /* Assets.xcassets */ = {isa = PBXFileReference; lastKnownFileType = folder.assetcatalog; path = Assets.xcassets; sourceTree = "<group>"; };
		A2CEDC8E2C74DFDD009C5AFA /* Base */ = {isa = PBXFileReference; lastKnownFileType = file.storyboard; name = Base; path = Base.lproj/LaunchScreen.storyboard; sourceTree = "<group>"; };
		A2CEDC902C74DFDD009C5AFA /* Info.plist */ = {isa = PBXFileReference; lastKnownFileType = text.plist.xml; path = Info.plist; sourceTree = "<group>"; };
		A2CEDC972C761B8C009C5AFA /* CustomView.swift */ = {isa = PBXFileReference; lastKnownFileType = sourcecode.swift; path = CustomView.swift; sourceTree = "<group>"; };
		A2CFDF6A2D0205AB00CB34DF /* ru */ = {isa = PBXFileReference; lastKnownFileType = text.plist.strings; name = ru; path = ru.lproj/LaunchScreen.strings; sourceTree = "<group>"; };
		A2CFDF6D2D0205CD00CB34DF /* en */ = {isa = PBXFileReference; lastKnownFileType = text.plist.strings; name = en; path = en.lproj/Localizable.strings; sourceTree = "<group>"; };
		A2CFDF6F2D02062900CB34DF /* ru */ = {isa = PBXFileReference; lastKnownFileType = text.plist.strings; name = ru; path = ru.lproj/Localizable.strings; sourceTree = "<group>"; };
/* End PBXFileReference section */

/* Begin PBXFrameworksBuildPhase section */
		A2CEDC7C2C74DFDB009C5AFA /* Frameworks */ = {
			isa = PBXFrameworksBuildPhase;
			buildActionMask = 2147483647;
			files = (
			);
			runOnlyForDeploymentPostprocessing = 0;
		};
/* End PBXFrameworksBuildPhase section */

/* Begin PBXGroup section */
		A2CEDC762C74DFDB009C5AFA = {
			isa = PBXGroup;
			children = (
				A2CEDC812C74DFDB009C5AFA /* hw37 */,
				A2CEDC802C74DFDB009C5AFA /* Products */,
			);
			sourceTree = "<group>";
		};
		A2CEDC802C74DFDB009C5AFA /* Products */ = {
			isa = PBXGroup;
			children = (
				A2CEDC7F2C74DFDB009C5AFA /* hw37.app */,
			);
			name = Products;
			sourceTree = "<group>";
		};
		A2CEDC812C74DFDB009C5AFA /* hw37 */ = {
			isa = PBXGroup;
			children = (
				A2CEDC862C74DFDB009C5AFA /* ViewController.swift */,
				A2CEDC972C761B8C009C5AFA /* CustomView.swift */,
				A2717CA02C78BDA5004B7F5B /* CustomButton.swift */,
				A2CFDF6B2D0205B900CB34DF /* Localisation */,
				A2CEDC962C74E0EE009C5AFA /* Supporting */,
				A2CEDC902C74DFDD009C5AFA /* Info.plist */,
			);
			path = hw37;
			sourceTree = "<group>";
		};
		A2CEDC962C74E0EE009C5AFA /* Supporting */ = {
			isa = PBXGroup;
			children = (
				A2CEDC822C74DFDB009C5AFA /* AppDelegate.swift */,
				A2CEDC842C74DFDB009C5AFA /* SceneDelegate.swift */,
				A2CEDC8B2C74DFDD009C5AFA /* Assets.xcassets */,
				A2CEDC8D2C74DFDD009C5AFA /* LaunchScreen.storyboard */,
			);
			path = Supporting;
			sourceTree = "<group>";
		};
		A2CFDF6B2D0205B900CB34DF /* Localisation */ = {
			isa = PBXGroup;
			children = (
				A2CFDF6C2D0205CD00CB34DF /* Localizable.strings */,
			);
			path = Localisation;
			sourceTree = "<group>";
		};
/* End PBXGroup section */

/* Begin PBXNativeTarget section */
		A2CEDC7E2C74DFDB009C5AFA /* hw37 */ = {
			isa = PBXNativeTarget;
			buildConfigurationList = A2CEDC932C74DFDD009C5AFA /* Build configuration list for PBXNativeTarget "hw37" */;
			buildPhases = (
				A2CEDC7B2C74DFDB009C5AFA /* Sources */,
				A2CEDC7C2C74DFDB009C5AFA /* Frameworks */,
				A2CEDC7D2C74DFDB009C5AFA /* Resources */,
			);
			buildRules = (
			);
			dependencies = (
			);
			name = hw37;
			productName = hw15;
			productReference = A2CEDC7F2C74DFDB009C5AFA /* hw37.app */;
			productType = "com.apple.product-type.application";
		};
/* End PBXNativeTarget section */

/* Begin PBXProject section */
		A2CEDC772C74DFDB009C5AFA /* Project object */ = {
			isa = PBXProject;
			attributes = {
				BuildIndependentTargetsInParallel = 1;
				LastSwiftUpdateCheck = 1540;
				LastUpgradeCheck = 1540;
				TargetAttributes = {
					A2CEDC7E2C74DFDB009C5AFA = {
						CreatedOnToolsVersion = 15.4;
					};
				};
			};
			buildConfigurationList = A2CEDC7A2C74DFDB009C5AFA /* Build configuration list for PBXProject "hw37" */;
			compatibilityVersion = "Xcode 14.0";
			developmentRegion = en;
			hasScannedForEncodings = 0;
			knownRegions = (
				en,
				Base,
				ru,
			);
			mainGroup = A2CEDC762C74DFDB009C5AFA;
			productRefGroup = A2CEDC802C74DFDB009C5AFA /* Products */;
			projectDirPath = "";
			projectRoot = "";
			targets = (
				A2CEDC7E2C74DFDB009C5AFA /* hw37 */,
			);
		};
/* End PBXProject section */

/* Begin PBXResourcesBuildPhase section */
		A2CEDC7D2C74DFDB009C5AFA /* Resources */ = {
			isa = PBXResourcesBuildPhase;
			buildActionMask = 2147483647;
			files = (
				A2CEDC8C2C74DFDD009C5AFA /* Assets.xcassets in Resources */,
				A2CFDF6E2D0205CD00CB34DF /* Localizable.strings in Resources */,
				A2CEDC8F2C74DFDD009C5AFA /* Base in Resources */,
			);
			runOnlyForDeploymentPostprocessing = 0;
		};
/* End PBXResourcesBuildPhase section */

/* Begin PBXSourcesBuildPhase section */
		A2CEDC7B2C74DFDB009C5AFA /* Sources */ = {
			isa = PBXSourcesBuildPhase;
			buildActionMask = 2147483647;
			files = (
				A2CEDC872C74DFDB009C5AFA /* ViewController.swift in Sources */,
				A2CEDC982C761B8C009C5AFA /* CustomView.swift in Sources */,
				A2CEDC832C74DFDB009C5AFA /* AppDelegate.swift in Sources */,
				A2CEDC852C74DFDB009C5AFA /* SceneDelegate.swift in Sources */,
				A2717CA12C78BDA5004B7F5B /* CustomButton.swift in Sources */,
			);
			runOnlyForDeploymentPostprocessing = 0;
		};
/* End PBXSourcesBuildPhase section */

/* Begin PBXVariantGroup section */
		A2CEDC8D2C74DFDD009C5AFA /* LaunchScreen.storyboard */ = {
			isa = PBXVariantGroup;
			children = (
				A2CEDC8E2C74DFDD009C5AFA /* Base */,
				A2CFDF6A2D0205AB00CB34DF /* ru */,
			);
			name = LaunchScreen.storyboard;
			sourceTree = "<group>";
		};
		A2CFDF6C2D0205CD00CB34DF /* Localizable.strings */ = {
			isa = PBXVariantGroup;
			children = (
				A2CFDF6D2D0205CD00CB34DF /* en */,
				A2CFDF6F2D02062900CB34DF /* ru */,
			);
			name = Localizable.strings;
			sourceTree = "<group>";
		};
/* End PBXVariantGroup section */

/* Begin XCBuildConfiguration section */
		A2CEDC912C74DFDD009C5AFA /* Debug */ = {
			isa = XCBuildConfiguration;
			buildSettings = {
				ALWAYS_SEARCH_USER_PATHS = NO;
				ASSETCATALOG_COMPILER_GENERATE_SWIFT_ASSET_SYMBOL_EXTENSIONS = YES;
				CLANG_ANALYZER_LOCALIZABILITY_NONLOCALIZED = YES;
				CLANG_ANALYZER_NONNULL = YES;
				CLANG_ANALYZER_NUMBER_OBJECT_CONVERSION = YES_AGGRESSIVE;
				CLANG_CXX_LANGUAGE_STANDARD = "gnu++20";
				CLANG_ENABLE_MODULES = YES;
				CLANG_ENABLE_OBJC_ARC = YES;
				CLANG_ENABLE_OBJC_WEAK = YES;
				CLANG_WARN_BLOCK_CAPTURE_AUTORELEASING = YES;
				CLANG_WARN_BOOL_CONVERSION = YES;
				CLANG_WARN_COMMA = YES;
				CLANG_WARN_CONSTANT_CONVERSION = YES;
				CLANG_WARN_DEPRECATED_OBJC_IMPLEMENTATIONS = YES;
				CLANG_WARN_DIRECT_OBJC_ISA_USAGE = YES_ERROR;
				CLANG_WARN_DOCUMENTATION_COMMENTS = YES;
				CLANG_WARN_EMPTY_BODY = YES;
				CLANG_WARN_ENUM_CONVERSION = YES;
				CLANG_WARN_INFINITE_RECURSION = YES;
				CLANG_WARN_INT_CONVERSION = YES;
				CLANG_WARN_NON_LITERAL_NULL_CONVERSION = YES;
				CLANG_WARN_OBJC_IMPLICIT_RETAIN_SELF = YES;
				CLANG_WARN_OBJC_LITERAL_CONVERSION = YES;
				CLANG_WARN_OBJC_ROOT_CLASS = YES_ERROR;
				CLANG_WARN_QUOTED_INCLUDE_IN_FRAMEWORK_HEADER = YES;
				CLANG_WARN_RANGE_LOOP_ANALYSIS = YES;
				CLANG_WARN_STRICT_PROTOTYPES = YES;
				CLANG_WARN_SUSPICIOUS_MOVE = YES;
				CLANG_WARN_UNGUARDED_AVAILABILITY = YES_AGGRESSIVE;
				CLANG_WARN_UNREACHABLE_CODE = YES;
				CLANG_WARN__DUPLICATE_METHOD_MATCH = YES;
				COPY_PHASE_STRIP = NO;
				DEBUG_INFORMATION_FORMAT = dwarf;
				ENABLE_STRICT_OBJC_MSGSEND = YES;
				ENABLE_TESTABILITY = YES;
				ENABLE_USER_SCRIPT_SANDBOXING = YES;
				GCC_C_LANGUAGE_STANDARD = gnu17;
				GCC_DYNAMIC_NO_PIC = NO;
				GCC_NO_COMMON_BLOCKS = YES;
				GCC_OPTIMIZATION_LEVEL = 0;
				GCC_PREPROCESSOR_DEFINITIONS = (
					"DEBUG=1",
					"$(inherited)",
				);
				GCC_WARN_64_TO_32_BIT_CONVERSION = YES;
				GCC_WARN_ABOUT_RETURN_TYPE = YES_ERROR;
				GCC_WARN_UNDECLARED_SELECTOR = YES;
				GCC_WARN_UNINITIALIZED_AUTOS = YES_AGGRESSIVE;
				GCC_WARN_UNUSED_FUNCTION = YES;
				GCC_WARN_UNUSED_VARIABLE = YES;
				IPHONEOS_DEPLOYMENT_TARGET = 17.0;
				LOCALIZATION_PREFERS_STRING_CATALOGS = YES;
				MTL_ENABLE_DEBUG_INFO = INCLUDE_SOURCE;
				MTL_FAST_MATH = YES;
				ONLY_ACTIVE_ARCH = YES;
				SDKROOT = iphoneos;
				SWIFT_ACTIVE_COMPILATION_CONDITIONS = "DEBUG $(inherited)";
				SWIFT_OPTIMIZATION_LEVEL = "-Onone";
			};
			name = Debug;
		};
		A2CEDC922C74DFDD009C5AFA /* Release */ = {
			isa = XCBuildConfiguration;
			buildSettings = {
				ALWAYS_SEARCH_USER_PATHS = NO;
				ASSETCATALOG_COMPILER_GENERATE_SWIFT_ASSET_SYMBOL_EXTENSIONS = YES;
				CLANG_ANALYZER_LOCALIZABILITY_NONLOCALIZED = YES;
				CLANG_ANALYZER_NONNULL = YES;
				CLANG_ANALYZER_NUMBER_OBJECT_CONVERSION = YES_AGGRESSIVE;
				CLANG_CXX_LANGUAGE_STANDARD = "gnu++20";
				CLANG_ENABLE_MODULES = YES;
				CLANG_ENABLE_OBJC_ARC = YES;
				CLANG_ENABLE_OBJC_WEAK = YES;
				CLANG_WARN_BLOCK_CAPTURE_AUTORELEASING = YES;
				CLANG_WARN_BOOL_CONVERSION = YES;
				CLANG_WARN_COMMA = YES;
				CLANG_WARN_CONSTANT_CONVERSION = YES;
				CLANG_WARN_DEPRECATED_OBJC_IMPLEMENTATIONS = YES;
				CLANG_WARN_DIRECT_OBJC_ISA_USAGE = YES_ERROR;
				CLANG_WARN_DOCUMENTATION_COMMENTS = YES;
				CLANG_WARN_EMPTY_BODY = YES;
				CLANG_WARN_ENUM_CONVERSION = YES;
				CLANG_WARN_INFINITE_RECURSION = YES;
				CLANG_WARN_INT_CONVERSION = YES;
				CLANG_WARN_NON_LITERAL_NULL_CONVERSION = YES;
				CLANG_WARN_OBJC_IMPLICIT_RETAIN_SELF = YES;
				CLANG_WARN_OBJC_LITERAL_CONVERSION = YES;
				CLANG_WARN_OBJC_ROOT_CLASS = YES_ERROR;
				CLANG_WARN_QUOTED_INCLUDE_IN_FRAMEWORK_HEADER = YES;
				CLANG_WARN_RANGE_LOOP_ANALYSIS = YES;
				CLANG_WARN_STRICT_PROTOTYPES = YES;
				CLANG_WARN_SUSPICIOUS_MOVE = YES;
				CLANG_WARN_UNGUARDED_AVAILABILITY = YES_AGGRESSIVE;
				CLANG_WARN_UNREACHABLE_CODE = YES;
				CLANG_WARN__DUPLICATE_METHOD_MATCH = YES;
				COPY_PHASE_STRIP = NO;
				DEBUG_INFORMATION_FORMAT = "dwarf-with-dsym";
				ENABLE_NS_ASSERTIONS = NO;
				ENABLE_STRICT_OBJC_MSGSEND = YES;
				ENABLE_USER_SCRIPT_SANDBOXING = YES;
				GCC_C_LANGUAGE_STANDARD = gnu17;
				GCC_NO_COMMON_BLOCKS = YES;
				GCC_WARN_64_TO_32_BIT_CONVERSION = YES;
				GCC_WARN_ABOUT_RETURN_TYPE = YES_ERROR;
				GCC_WARN_UNDECLARED_SELECTOR = YES;
				GCC_WARN_UNINITIALIZED_AUTOS = YES_AGGRESSIVE;
				GCC_WARN_UNUSED_FUNCTION = YES;
				GCC_WARN_UNUSED_VARIABLE = YES;
				IPHONEOS_DEPLOYMENT_TARGET = 17.0;
				LOCALIZATION_PREFERS_STRING_CATALOGS = YES;
				MTL_ENABLE_DEBUG_INFO = NO;
				MTL_FAST_MATH = YES;
				SDKROOT = iphoneos;
				SWIFT_COMPILATION_MODE = wholemodule;
				VALIDATE_PRODUCT = YES;
			};
			name = Release;
		};
		A2CEDC942C74DFDD009C5AFA /* Debug */ = {
			isa = XCBuildConfiguration;
			buildSettings = {
				ASSETCATALOG_COMPILER_APPICON_NAME = AppIcon;
				ASSETCATALOG_COMPILER_GLOBAL_ACCENT_COLOR_NAME = AccentColor;
				CODE_SIGN_STYLE = Automatic;
				CURRENT_PROJECT_VERSION = 1;
				GENERATE_INFOPLIST_FILE = YES;
				INFOPLIST_FILE = hw37/Info.plist;
				INFOPLIST_KEY_UIApplicationSupportsIndirectInputEvents = YES;
				INFOPLIST_KEY_UILaunchStoryboardName = LaunchScreen;
				INFOPLIST_KEY_UISupportedInterfaceOrientations_iPad = "UIInterfaceOrientationPortrait UIInterfaceOrientationPortraitUpsideDown UIInterfaceOrientationLandscapeLeft UIInterfaceOrientationLandscapeRight";
				INFOPLIST_KEY_UISupportedInterfaceOrientations_iPhone = "UIInterfaceOrientationPortrait UIInterfaceOrientationLandscapeLeft UIInterfaceOrientationLandscapeRight";
				IPHONEOS_DEPLOYMENT_TARGET = 17.0;
				LD_RUNPATH_SEARCH_PATHS = (
					"$(inherited)",
					"@executable_path/Frameworks",
				);
				MARKETING_VERSION = 1.0;
				PRODUCT_BUNDLE_IDENTIFIER = yepcock.hw37;
				PRODUCT_NAME = "$(TARGET_NAME)";
				SWIFT_EMIT_LOC_STRINGS = YES;
				SWIFT_VERSION = 5.0;
				TARGETED_DEVICE_FAMILY = "1,2";
			};
			name = Debug;
		};
		A2CEDC952C74DFDD009C5AFA /* Release */ = {
			isa = XCBuildConfiguration;
			buildSettings = {
				ASSETCATALOG_COMPILER_APPICON_NAME = AppIcon;
				ASSETCATALOG_COMPILER_GLOBAL_ACCENT_COLOR_NAME = AccentColor;
				CODE_SIGN_STYLE = Automatic;
				CURRENT_PROJECT_VERSION = 1;
				GENERATE_INFOPLIST_FILE = YES;
				INFOPLIST_FILE = hw37/Info.plist;
				INFOPLIST_KEY_UIApplicationSupportsIndirectInputEvents = YES;
				INFOPLIST_KEY_UILaunchStoryboardName = LaunchScreen;
				INFOPLIST_KEY_UISupportedInterfaceOrientations_iPad = "UIInterfaceOrientationPortrait UIInterfaceOrientationPortraitUpsideDown UIInterfaceOrientationLandscapeLeft UIInterfaceOrientationLandscapeRight";
				INFOPLIST_KEY_UISupportedInterfaceOrientations_iPhone = "UIInterfaceOrientationPortrait UIInterfaceOrientationLandscapeLeft UIInterfaceOrientationLandscapeRight";
				IPHONEOS_DEPLOYMENT_TARGET = 17.0;
				LD_RUNPATH_SEARCH_PATHS = (
					"$(inherited)",
					"@executable_path/Frameworks",
				);
				MARKETING_VERSION = 1.0;
				PRODUCT_BUNDLE_IDENTIFIER = yepcock.hw37;
				PRODUCT_NAME = "$(TARGET_NAME)";
				SWIFT_EMIT_LOC_STRINGS = YES;
				SWIFT_VERSION = 5.0;
				TARGETED_DEVICE_FAMILY = "1,2";
			};
			name = Release;
		};
/* End XCBuildConfiguration section */

/* Begin XCConfigurationList section */
		A2CEDC7A2C74DFDB009C5AFA /* Build configuration list for PBXProject "hw37" */ = {
			isa = XCConfigurationList;
			buildConfigurations = (
				A2CEDC912C74DFDD009C5AFA /* Debug */,
				A2CEDC922C74DFDD009C5AFA /* Release */,
			);
			defaultConfigurationIsVisible = 0;
			defaultConfigurationName = Release;
		};
		A2CEDC932C74DFDD009C5AFA /* Build configuration list for PBXNativeTarget "hw37" */ = {
			isa = XCConfigurationList;
			buildConfigurations = (
				A2CEDC942C74DFDD009C5AFA /* Debug */,
				A2CEDC952C74DFDD009C5AFA /* Release */,
			);
			defaultConfigurationIsVisible = 0;
			defaultConfigurationName = Release;
		};
/* End XCConfigurationList section */
	};
	rootObject = A2CEDC772C74DFDB009C5AFA /* Project object */;
}
