// !$*UTF8*$!
{
	archiveVersion = 1;
	classes = {
	};
	objectVersion = 56;
	objects = {

/* Begin PBXBuildFile section */
		A22AB6F92CEE37B60027C670 /* AppDelegate.swift in Sources */ = {isa = PBXBuildFile; fileRef = A22AB6F82CEE37B60027C670 /* AppDelegate.swift */; };
		A22AB6FB2CEE37B60027C670 /* SceneDelegate.swift in Sources */ = {isa = PBXBuildFile; fileRef = A22AB6FA2CEE37B60027C670 /* SceneDelegate.swift */; };
		A22AB6FD2CEE37B60027C670 /* ViewController.swift in Sources */ = {isa = PBXBuildFile; fileRef = A22AB6FC2CEE37B60027C670 /* ViewController.swift */; };
		A22AB7032CEE37B60027C670 /* hw31.xcdatamodeld in Sources */ = {isa = PBXBuildFile; fileRef = A22AB7012CEE37B60027C670 /* hw31.xcdatamodeld */; };
		A22AB7052CEE37B80027C670 /* Assets.xcassets in Resources */ = {isa = PBXBuildFile; fileRef = A22AB7042CEE37B80027C670 /* Assets.xcassets */; };
		A22AB7082CEE37B80027C670 /* Base in Resources */ = {isa = PBXBuildFile; fileRef = A22AB7072CEE37B80027C670 /* Base */; };
		A22AB7112CEE39290027C670 /* DataViewController.swift in Sources */ = {isa = PBXBuildFile; fileRef = A22AB7102CEE39290027C670 /* DataViewController.swift */; };
		A2FAF4D92CEE402400164276 /* CustomCell.swift in Sources */ = {isa = PBXBuildFile; fileRef = A2FAF4D82CEE402400164276 /* CustomCell.swift */; };
		A2FAF4DF2CEE625200164276 /* CoreDataStorage.swift in Sources */ = {isa = PBXBuildFile; fileRef = A2FAF4DE2CEE625200164276 /* CoreDataStorage.swift */; };
/* End PBXBuildFile section */

/* Begin PBXFileReference section */
		A22AB6F52CEE37B60027C670 /* hw31.app */ = {isa = PBXFileReference; explicitFileType = wrapper.application; includeInIndex = 0; path = hw31.app; sourceTree = BUILT_PRODUCTS_DIR; };
		A22AB6F82CEE37B60027C670 /* AppDelegate.swift */ = {isa = PBXFileReference; lastKnownFileType = sourcecode.swift; path = AppDelegate.swift; sourceTree = "<group>"; };
		A22AB6FA2CEE37B60027C670 /* SceneDelegate.swift */ = {isa = PBXFileReference; lastKnownFileType = sourcecode.swift; path = SceneDelegate.swift; sourceTree = "<group>"; };
		A22AB6FC2CEE37B60027C670 /* ViewController.swift */ = {isa = PBXFileReference; lastKnownFileType = sourcecode.swift; path = ViewController.swift; sourceTree = "<group>"; };
		A22AB7022CEE37B60027C670 /* hw31.xcdatamodel */ = {isa = PBXFileReference; lastKnownFileType = wrapper.xcdatamodel; path = hw31.xcdatamodel; sourceTree = "<group>"; };
		A22AB7042CEE37B80027C670 /* Assets.xcassets */ = {isa = PBXFileReference; lastKnownFileType = folder.assetcatalog; path = Assets.xcassets; sourceTree = "<group>"; };
		A22AB7072CEE37B80027C670 /* Base */ = {isa = PBXFileReference; lastKnownFileType = file.storyboard; name = Base; path = Base.lproj/LaunchScreen.storyboard; sourceTree = "<group>"; };
		A22AB7092CEE37B80027C670 /* Info.plist */ = {isa = PBXFileReference; lastKnownFileType = text.plist.xml; path = Info.plist; sourceTree = "<group>"; };
		A22AB7102CEE39290027C670 /* DataViewController.swift */ = {isa = PBXFileReference; lastKnownFileType = sourcecode.swift; path = DataViewController.swift; sourceTree = "<group>"; };
		A2FAF4D82CEE402400164276 /* CustomCell.swift */ = {isa = PBXFileReference; lastKnownFileType = sourcecode.swift; path = CustomCell.swift; sourceTree = "<group>"; };
		A2FAF4DE2CEE625200164276 /* CoreDataStorage.swift */ = {isa = PBXFileReference; lastKnownFileType = sourcecode.swift; path = CoreDataStorage.swift; sourceTree = "<group>"; };
/* End PBXFileReference section */

/* Begin PBXFrameworksBuildPhase section */
		A22AB6F22CEE37B60027C670 /* Frameworks */ = {
			isa = PBXFrameworksBuildPhase;
			buildActionMask = 2147483647;
			files = (
			);
			runOnlyForDeploymentPostprocessing = 0;
		};
/* End PBXFrameworksBuildPhase section */

/* Begin PBXGroup section */
		A22AB6EC2CEE37B60027C670 = {
			isa = PBXGroup;
			children = (
				A22AB6F72CEE37B60027C670 /* hw31 */,
				A22AB6F62CEE37B60027C670 /* Products */,
			);
			sourceTree = "<group>";
		};
		A22AB6F62CEE37B60027C670 /* Products */ = {
			isa = PBXGroup;
			children = (
				A22AB6F52CEE37B60027C670 /* hw31.app */,
			);
			name = Products;
			sourceTree = "<group>";
		};
		A22AB6F72CEE37B60027C670 /* hw31 */ = {
			isa = PBXGroup;
			children = (
				A22AB6FC2CEE37B60027C670 /* ViewController.swift */,
				A22AB7102CEE39290027C670 /* DataViewController.swift */,
				A2FAF4D82CEE402400164276 /* CustomCell.swift */,
				A2FAF4DE2CEE625200164276 /* CoreDataStorage.swift */,
				A22AB70F2CEE38120027C670 /* Supporting */,
				A22AB7092CEE37B80027C670 /* Info.plist */,
			);
			path = hw31;
			sourceTree = "<group>";
		};
		A22AB70F2CEE38120027C670 /* Supporting */ = {
			isa = PBXGroup;
			children = (
				A22AB7012CEE37B60027C670 /* hw31.xcdatamodeld */,
				A22AB7062CEE37B80027C670 /* LaunchScreen.storyboard */,
				A22AB7042CEE37B80027C670 /* Assets.xcassets */,
				A22AB6F82CEE37B60027C670 /* AppDelegate.swift */,
				A22AB6FA2CEE37B60027C670 /* SceneDelegate.swift */,
			);
			path = Supporting;
			sourceTree = "<group>";
		};
/* End PBXGroup section */

/* Begin PBXNativeTarget section */
		A22AB6F42CEE37B60027C670 /* hw31 */ = {
			isa = PBXNativeTarget;
			buildConfigurationList = A22AB70C2CEE37B80027C670 /* Build configuration list for PBXNativeTarget "hw31" */;
			buildPhases = (
				A22AB6F12CEE37B60027C670 /* Sources */,
				A22AB6F22CEE37B60027C670 /* Frameworks */,
				A22AB6F32CEE37B60027C670 /* Resources */,
			);
			buildRules = (
			);
			dependencies = (
			);
			name = hw31;
			productName = hw31;
			productReference = A22AB6F52CEE37B60027C670 /* hw31.app */;
			productType = "com.apple.product-type.application";
		};
/* End PBXNativeTarget section */

/* Begin PBXProject section */
		A22AB6ED2CEE37B60027C670 /* Project object */ = {
			isa = PBXProject;
			attributes = {
				BuildIndependentTargetsInParallel = 1;
				LastSwiftUpdateCheck = 1540;
				LastUpgradeCheck = 1540;
				TargetAttributes = {
					A22AB6F42CEE37B60027C670 = {
						CreatedOnToolsVersion = 15.4;
					};
				};
			};
			buildConfigurationList = A22AB6F02CEE37B60027C670 /* Build configuration list for PBXProject "hw31" */;
			compatibilityVersion = "Xcode 14.0";
			developmentRegion = en;
			hasScannedForEncodings = 0;
			knownRegions = (
				en,
				Base,
			);
			mainGroup = A22AB6EC2CEE37B60027C670;
			productRefGroup = A22AB6F62CEE37B60027C670 /* Products */;
			projectDirPath = "";
			projectRoot = "";
			targets = (
				A22AB6F42CEE37B60027C670 /* hw31 */,
			);
		};
/* End PBXProject section */

/* Begin PBXResourcesBuildPhase section */
		A22AB6F32CEE37B60027C670 /* Resources */ = {
			isa = PBXResourcesBuildPhase;
			buildActionMask = 2147483647;
			files = (
				A22AB7052CEE37B80027C670 /* Assets.xcassets in Resources */,
				A22AB7082CEE37B80027C670 /* Base in Resources */,
			);
			runOnlyForDeploymentPostprocessing = 0;
		};
/* End PBXResourcesBuildPhase section */

/* Begin PBXSourcesBuildPhase section */
		A22AB6F12CEE37B60027C670 /* Sources */ = {
			isa = PBXSourcesBuildPhase;
			buildActionMask = 2147483647;
			files = (
				A22AB7032CEE37B60027C670 /* hw31.xcdatamodeld in Sources */,
				A22AB6FD2CEE37B60027C670 /* ViewController.swift in Sources */,
				A22AB7112CEE39290027C670 /* DataViewController.swift in Sources */,
				A22AB6F92CEE37B60027C670 /* AppDelegate.swift in Sources */,
				A2FAF4D92CEE402400164276 /* CustomCell.swift in Sources */,
				A2FAF4DF2CEE625200164276 /* CoreDataStorage.swift in Sources */,
				A22AB6FB2CEE37B60027C670 /* SceneDelegate.swift in Sources */,
			);
			runOnlyForDeploymentPostprocessing = 0;
		};
/* End PBXSourcesBuildPhase section */

/* Begin PBXVariantGroup section */
		A22AB7062CEE37B80027C670 /* LaunchScreen.storyboard */ = {
			isa = PBXVariantGroup;
			children = (
				A22AB7072CEE37B80027C670 /* Base */,
			);
			name = LaunchScreen.storyboard;
			sourceTree = "<group>";
		};
/* End PBXVariantGroup section */

/* Begin XCBuildConfiguration section */
		A22AB70A2CEE37B80027C670 /* Debug */ = {
			isa = XCBuildConfiguration;
			buildSettings = {
				ALWAYS_SEARCH_USER_PATHS = NO;
				ASSETCATALOG_COMPILER_GENERATE_SWIFT_ASSET_SYMBOL_EXTENSIONS = YES;
				CLANG_ANALYZER_NONNULL = YES;
				CLANG_ANALYZER_NUMBER_OBJECT_CONVERSION = YES_AGGRESSIVE;
				CLANG_CXX_LANGUAGE_STANDARD = "gnu++20";
				CLANG_ENABLE_MODULES = YES;
				CLANG_ENABLE_OBJC_ARC = YES;
				CLANG_ENABLE_OBJC_WEAK = YES;
				CLANG_WARN_BLOCK_CAPTURE_AUTORELEASING = YES;
				CLANG_WARN_BOOL_CONVERSION = YES;
				CLANG_WARN_COMMA = YES;
				CLANG_WARN_CONSTANT_CONVERSION = YES;
				CLANG_WARN_DEPRECATED_OBJC_IMPLEMENTATIONS = YES;
				CLANG_WARN_DIRECT_OBJC_ISA_USAGE = YES_ERROR;
				CLANG_WARN_DOCUMENTATION_COMMENTS = YES;
				CLANG_WARN_EMPTY_BODY = YES;
				CLANG_WARN_ENUM_CONVERSION = YES;
				CLANG_WARN_INFINITE_RECURSION = YES;
				CLANG_WARN_INT_CONVERSION = YES;
				CLANG_WARN_NON_LITERAL_NULL_CONVERSION = YES;
				CLANG_WARN_OBJC_IMPLICIT_RETAIN_SELF = YES;
				CLANG_WARN_OBJC_LITERAL_CONVERSION = YES;
				CLANG_WARN_OBJC_ROOT_CLASS = YES_ERROR;
				CLANG_WARN_QUOTED_INCLUDE_IN_FRAMEWORK_HEADER = YES;
				CLANG_WARN_RANGE_LOOP_ANALYSIS = YES;
				CLANG_WARN_STRICT_PROTOTYPES = YES;
				CLANG_WARN_SUSPICIOUS_MOVE = YES;
				CLANG_WARN_UNGUARDED_AVAILABILITY = YES_AGGRESSIVE;
				CLANG_WARN_UNREACHABLE_CODE = YES;
				CLANG_WARN__DUPLICATE_METHOD_MATCH = YES;
				COPY_PHASE_STRIP = NO;
				DEBUG_INFORMATION_FORMAT = dwarf;
				ENABLE_STRICT_OBJC_MSGSEND = YES;
				ENABLE_TESTABILITY = YES;
				ENABLE_USER_SCRIPT_SANDBOXING = YES;
				GCC_C_LANGUAGE_STANDARD = gnu17;
				GCC_DYNAMIC_NO_PIC = NO;
				GCC_NO_COMMON_BLOCKS = YES;
				GCC_OPTIMIZATION_LEVEL = 0;
				GCC_PREPROCESSOR_DEFINITIONS = (
					"DEBUG=1",
					"$(inherited)",
				);
				GCC_WARN_64_TO_32_BIT_CONVERSION = YES;
				GCC_WARN_ABOUT_RETURN_TYPE = YES_ERROR;
				GCC_WARN_UNDECLARED_SELECTOR = YES;
				GCC_WARN_UNINITIALIZED_AUTOS = YES_AGGRESSIVE;
				GCC_WARN_UNUSED_FUNCTION = YES;
				GCC_WARN_UNUSED_VARIABLE = YES;
				IPHONEOS_DEPLOYMENT_TARGET = 17.5;
				LOCALIZATION_PREFERS_STRING_CATALOGS = YES;
				MTL_ENABLE_DEBUG_INFO = INCLUDE_SOURCE;
				MTL_FAST_MATH = YES;
				ONLY_ACTIVE_ARCH = YES;
				SDKROOT = iphoneos;
				SWIFT_ACTIVE_COMPILATION_CONDITIONS = "DEBUG $(inherited)";
				SWIFT_OPTIMIZATION_LEVEL = "-Onone";
			};
			name = Debug;
		};
		A22AB70B2CEE37B80027C670 /* Release */ = {
			isa = XCBuildConfiguration;
			buildSettings = {
				ALWAYS_SEARCH_USER_PATHS = NO;
				ASSETCATALOG_COMPILER_GENERATE_SWIFT_ASSET_SYMBOL_EXTENSIONS = YES;
				CLANG_ANALYZER_NONNULL = YES;
				CLANG_ANALYZER_NUMBER_OBJECT_CONVERSION = YES_AGGRESSIVE;
				CLANG_CXX_LANGUAGE_STANDARD = "gnu++20";
				CLANG_ENABLE_MODULES = YES;
				CLANG_ENABLE_OBJC_ARC = YES;
				CLANG_ENABLE_OBJC_WEAK = YES;
				CLANG_WARN_BLOCK_CAPTURE_AUTORELEASING = YES;
				CLANG_WARN_BOOL_CONVERSION = YES;
				CLANG_WARN_COMMA = YES;
				CLANG_WARN_CONSTANT_CONVERSION = YES;
				CLANG_WARN_DEPRECATED_OBJC_IMPLEMENTATIONS = YES;
				CLANG_WARN_DIRECT_OBJC_ISA_USAGE = YES_ERROR;
				CLANG_WARN_DOCUMENTATION_COMMENTS = YES;
				CLANG_WARN_EMPTY_BODY = YES;
				CLANG_WARN_ENUM_CONVERSION = YES;
				CLANG_WARN_INFINITE_RECURSION = YES;
				CLANG_WARN_INT_CONVERSION = YES;
				CLANG_WARN_NON_LITERAL_NULL_CONVERSION = YES;
				CLANG_WARN_OBJC_IMPLICIT_RETAIN_SELF = YES;
				CLANG_WARN_OBJC_LITERAL_CONVERSION = YES;
				CLANG_WARN_OBJC_ROOT_CLASS = YES_ERROR;
				CLANG_WARN_QUOTED_INCLUDE_IN_FRAMEWORK_HEADER = YES;
				CLANG_WARN_RANGE_LOOP_ANALYSIS = YES;
				CLANG_WARN_STRICT_PROTOTYPES = YES;
				CLANG_WARN_SUSPICIOUS_MOVE = YES;
				CLANG_WARN_UNGUARDED_AVAILABILITY = YES_AGGRESSIVE;
				CLANG_WARN_UNREACHABLE_CODE = YES;
				CLANG_WARN__DUPLICATE_METHOD_MATCH = YES;
				COPY_PHASE_STRIP = NO;
				DEBUG_INFORMATION_FORMAT = "dwarf-with-dsym";
				ENABLE_NS_ASSERTIONS = NO;
				ENABLE_STRICT_OBJC_MSGSEND = YES;
				ENABLE_USER_SCRIPT_SANDBOXING = YES;
				GCC_C_LANGUAGE_STANDARD = gnu17;
				GCC_NO_COMMON_BLOCKS = YES;
				GCC_WARN_64_TO_32_BIT_CONVERSION = YES;
				GCC_WARN_ABOUT_RETURN_TYPE = YES_ERROR;
				GCC_WARN_UNDECLARED_SELECTOR = YES;
				GCC_WARN_UNINITIALIZED_AUTOS = YES_AGGRESSIVE;
				GCC_WARN_UNUSED_FUNCTION = YES;
				GCC_WARN_UNUSED_VARIABLE = YES;
				IPHONEOS_DEPLOYMENT_TARGET = 17.5;
				LOCALIZATION_PREFERS_STRING_CATALOGS = YES;
				MTL_ENABLE_DEBUG_INFO = NO;
				MTL_FAST_MATH = YES;
				SDKROOT = iphoneos;
				SWIFT_COMPILATION_MODE = wholemodule;
				VALIDATE_PRODUCT = YES;
			};
			name = Release;
		};
		A22AB70D2CEE37B80027C670 /* Debug */ = {
			isa = XCBuildConfiguration;
			buildSettings = {
				ASSETCATALOG_COMPILER_APPICON_NAME = AppIcon;
				ASSETCATALOG_COMPILER_GLOBAL_ACCENT_COLOR_NAME = AccentColor;
				CODE_SIGN_STYLE = Automatic;
				CURRENT_PROJECT_VERSION = 1;
				GENERATE_INFOPLIST_FILE = YES;
				INFOPLIST_FILE = hw31/Info.plist;
				INFOPLIST_KEY_UIApplicationSupportsIndirectInputEvents = YES;
				INFOPLIST_KEY_UILaunchStoryboardName = LaunchScreen;
				INFOPLIST_KEY_UISupportedInterfaceOrientations_iPad = "UIInterfaceOrientationPortrait UIInterfaceOrientationPortraitUpsideDown UIInterfaceOrientationLandscapeLeft UIInterfaceOrientationLandscapeRight";
				INFOPLIST_KEY_UISupportedInterfaceOrientations_iPhone = "UIInterfaceOrientationPortrait UIInterfaceOrientationLandscapeLeft UIInterfaceOrientationLandscapeRight";
				LD_RUNPATH_SEARCH_PATHS = (
					"$(inherited)",
					"@executable_path/Frameworks",
				);
				MARKETING_VERSION = 1.0;
				PRODUCT_BUNDLE_IDENTIFIER = yepcock.hw31;
				PRODUCT_NAME = "$(TARGET_NAME)";
				SWIFT_EMIT_LOC_STRINGS = YES;
				SWIFT_VERSION = 5.0;
				TARGETED_DEVICE_FAMILY = "1,2";
			};
			name = Debug;
		};
		A22AB70E2CEE37B80027C670 /* Release */ = {
			isa = XCBuildConfiguration;
			buildSettings = {
				ASSETCATALOG_COMPILER_APPICON_NAME = AppIcon;
				ASSETCATALOG_COMPILER_GLOBAL_ACCENT_COLOR_NAME = AccentColor;
				CODE_SIGN_STYLE = Automatic;
				CURRENT_PROJECT_VERSION = 1;
				GENERATE_INFOPLIST_FILE = YES;
				INFOPLIST_FILE = hw31/Info.plist;
				INFOPLIST_KEY_UIApplicationSupportsIndirectInputEvents = YES;
				INFOPLIST_KEY_UILaunchStoryboardName = LaunchScreen;
				INFOPLIST_KEY_UISupportedInterfaceOrientations_iPad = "UIInterfaceOrientationPortrait UIInterfaceOrientationPortraitUpsideDown UIInterfaceOrientationLandscapeLeft UIInterfaceOrientationLandscapeRight";
				INFOPLIST_KEY_UISupportedInterfaceOrientations_iPhone = "UIInterfaceOrientationPortrait UIInterfaceOrientationLandscapeLeft UIInterfaceOrientationLandscapeRight";
				LD_RUNPATH_SEARCH_PATHS = (
					"$(inherited)",
					"@executable_path/Frameworks",
				);
				MARKETING_VERSION = 1.0;
				PRODUCT_BUNDLE_IDENTIFIER = yepcock.hw31;
				PRODUCT_NAME = "$(TARGET_NAME)";
				SWIFT_EMIT_LOC_STRINGS = YES;
				SWIFT_VERSION = 5.0;
				TARGETED_DEVICE_FAMILY = "1,2";
			};
			name = Release;
		};
/* End XCBuildConfiguration section */

/* Begin XCConfigurationList section */
		A22AB6F02CEE37B60027C670 /* Build configuration list for PBXProject "hw31" */ = {
			isa = XCConfigurationList;
			buildConfigurations = (
				A22AB70A2CEE37B80027C670 /* Debug */,
				A22AB70B2CEE37B80027C670 /* Release */,
			);
			defaultConfigurationIsVisible = 0;
			defaultConfigurationName = Release;
		};
		A22AB70C2CEE37B80027C670 /* Build configuration list for PBXNativeTarget "hw31" */ = {
			isa = XCConfigurationList;
			buildConfigurations = (
				A22AB70D2CEE37B80027C670 /* Debug */,
				A22AB70E2CEE37B80027C670 /* Release */,
			);
			defaultConfigurationIsVisible = 0;
			defaultConfigurationName = Release;
		};
/* End XCConfigurationList section */

/* Begin XCVersionGroup section */
		A22AB7012CEE37B60027C670 /* hw31.xcdatamodeld */ = {
			isa = XCVersionGroup;
			children = (
				A22AB7022CEE37B60027C670 /* hw31.xcdatamodel */,
			);
			currentVersion = A22AB7022CEE37B60027C670 /* hw31.xcdatamodel */;
			path = hw31.xcdatamodeld;
			sourceTree = "<group>";
			versionGroupType = wrapper.xcdatamodel;
		};
/* End XCVersionGroup section */
	};
	rootObject = A22AB6ED2CEE37B60027C670 /* Project object */;
}
